PODS:
  - AFDownloadRequestOperation (2.0.1):
    - AFNetworking (~> 2.0)
  - AFNetworking (2.5.4):
    - AFNetworking/NSURLConnection (= 2.5.4)
    - AFNetworking/NSURLSession (= 2.5.4)
    - AFNetworking/Reachability (= 2.5.4)
    - AFNetworking/Security (= 2.5.4)
    - AFNetworking/Serialization (= 2.5.4)
    - AFNetworking/UIKit (= 2.5.4)
  - AFNetworking/NSURLConnection (2.5.4):
    - AFNetworking/Reachability
    - AFNetworking/Security
    - AFNetworking/Serialization
  - AFNetworking/NSURLSession (2.5.4):
    - AFNetworking/Reachability
    - AFNetworking/Security
    - AFNetworking/Serialization
  - AFNetworking/Reachability (2.5.4)
  - AFNetworking/Security (2.5.4)
  - AFNetworking/Serialization (2.5.4)
  - AFNetworking/UIKit (2.5.4):
    - AFNetworking/NSURLConnection
    - AFNetworking/NSURLSession
  - FMDB (2.5):
    - FMDB/standard (= 2.5)
  - FMDB/common (2.5)
  - FMDB/standard (2.5):
    - FMDB/common
  - JSONModel (1.1.0)
  - Kiwi (2.3.1)
  - Masonry (0.6.2)
  - ReactiveCocoa (2.5):
    - ReactiveCocoa/UI (= 2.5)
  - ReactiveCocoa/Core (2.5):
    - ReactiveCocoa/no-arc
  - ReactiveCocoa/no-arc (2.5)
  - ReactiveCocoa/UI (2.5):
    - ReactiveCocoa/Core
  - YTKNetwork (0.5.0):
    - AFDownloadRequestOperation (~> 2.0)
    - AFNetworking (~> 2.0)
  - YYWebImage (0.9.0)

DEPENDENCIES:
  - FMDB
  - JSONModel
  - Kiwi
  - Masonry
  - ReactiveCocoa
  - YTKNetwork
  - YYWebImage

SPEC CHECKSUMS:
  AFDownloadRequestOperation: 748a1643423e1ddb23f2178f778087d4f0ae8ac7
  AFNetworking: 05edc0ac4c4c8cf57bcf4b84be5b0744b6d8e71e
  FMDB: 96e8f1bcc1329e269330f99770ad4285d9003e52
  JSONModel: ec77e9865236a7a09d9cf7668df6b4b328d9ec1d
  Kiwi: f038a6c61f7a9e4d7766bff5717aa3b3fdb75f55
  Masonry: 362e8a1cc0beada4a4c4832d5e863da2a51533be
  ReactiveCocoa: e2db045570aa97c695e7aa97c2bcab222ae51f4a
  YTKNetwork: 3f163c181ce5f03d52cf88f39d6757f46894280c
  YYWebImage: cf110e753398e97e2db110254e1cbc138735a5dc

COCOAPODS: 0.39.0
