// !$*UTF8*$!
{
	archiveVersion = 1;
	classes = {
	};
	objectVersion = 46;
	objects = {

/* Begin PBXBuildFile section */
		18298E09A2A97987C6261565 /* libPods-ZKIAppFrameworkDemoTests.a in Frameworks */ = {isa = PBXBuildFile; fileRef = AD7A19FD44C85FDE9EA255EC /* libPods-ZKIAppFrameworkDemoTests.a */; };
		C92321EF1B26C0EC00BECEE3 /* ZKIRootViewController.m in Sources */ = {isa = PBXBuildFile; fileRef = C92321EE1B26C0EC00BECEE3 /* ZKIRootViewController.m */; };
		C92321F21B26C15D00BECEE3 /* UIViewController+NavigationWithBuilder.m in Sources */ = {isa = PBXBuildFile; fileRef = C92321F11B26C15D00BECEE3 /* UIViewController+NavigationWithBuilder.m */; };
		C92321F61B26C35700BECEE3 /* NSObject+Builder.m in Sources */ = {isa = PBXBuildFile; fileRef = C92321F51B26C35700BECEE3 /* NSObject+Builder.m */; };
		C9811A4D1B203CB100920B44 /* main.m in Sources */ = {isa = PBXBuildFile; fileRef = C9811A4C1B203CB100920B44 /* main.m */; };
		C9811A501B203CB100920B44 /* AppDelegate.m in Sources */ = {isa = PBXBuildFile; fileRef = C9811A4F1B203CB100920B44 /* AppDelegate.m */; };
		C9811A5B1B203CB100920B44 /* Images.xcassets in Resources */ = {isa = PBXBuildFile; fileRef = C9811A5A1B203CB100920B44 /* Images.xcassets */; };
		C9811A5E1B203CB100920B44 /* LaunchScreen.xib in Resources */ = {isa = PBXBuildFile; fileRef = C9811A5C1B203CB100920B44 /* LaunchScreen.xib */; };
		C9811A6A1B203CB100920B44 /* ZKIAppFrameworkDemoTests.m in Sources */ = {isa = PBXBuildFile; fileRef = C9811A691B203CB100920B44 /* ZKIAppFrameworkDemoTests.m */; };
		C9811A771B20427B00920B44 /* ZKINetworkManager.m in Sources */ = {isa = PBXBuildFile; fileRef = C9811A761B20427B00920B44 /* ZKINetworkManager.m */; };
		D3EE81E264A1EB221F0B9026 /* libPods.a in Frameworks */ = {isa = PBXBuildFile; fileRef = 09197E1D2EF7D0C0CC3149E6 /* libPods.a */; };
/* End PBXBuildFile section */

/* Begin PBXContainerItemProxy section */
		C9811A641B203CB100920B44 /* PBXContainerItemProxy */ = {
			isa = PBXContainerItemProxy;
			containerPortal = C9811A3F1B203CB100920B44 /* Project object */;
			proxyType = 1;
			remoteGlobalIDString = C9811A461B203CB100920B44;
			remoteInfo = ZKIAppFrameworkDemo;
		};
/* End PBXContainerItemProxy section */

/* Begin PBXFileReference section */
		09197E1D2EF7D0C0CC3149E6 /* libPods.a */ = {isa = PBXFileReference; explicitFileType = archive.ar; includeInIndex = 0; path = libPods.a; sourceTree = BUILT_PRODUCTS_DIR; };
		2779178EFC1DC3C5163B17FE /* Pods-ZKIAppFrameworkDemoTests.release.xcconfig */ = {isa = PBXFileReference; includeInIndex = 1; lastKnownFileType = text.xcconfig; name = "Pods-ZKIAppFrameworkDemoTests.release.xcconfig"; path = "Pods/Target Support Files/Pods-ZKIAppFrameworkDemoTests/Pods-ZKIAppFrameworkDemoTests.release.xcconfig"; sourceTree = "<group>"; };
		787D5786881703ADD8550F2A /* Pods-ZKIAppFrameworkDemoTests.debug.xcconfig */ = {isa = PBXFileReference; includeInIndex = 1; lastKnownFileType = text.xcconfig; name = "Pods-ZKIAppFrameworkDemoTests.debug.xcconfig"; path = "Pods/Target Support Files/Pods-ZKIAppFrameworkDemoTests/Pods-ZKIAppFrameworkDemoTests.debug.xcconfig"; sourceTree = "<group>"; };
		AD7A19FD44C85FDE9EA255EC /* libPods-ZKIAppFrameworkDemoTests.a */ = {isa = PBXFileReference; explicitFileType = archive.ar; includeInIndex = 0; path = "libPods-ZKIAppFrameworkDemoTests.a"; sourceTree = BUILT_PRODUCTS_DIR; };
		C92321ED1B26C0EC00BECEE3 /* ZKIRootViewController.h */ = {isa = PBXFileReference; fileEncoding = 4; lastKnownFileType = sourcecode.c.h; path = ZKIRootViewController.h; sourceTree = "<group>"; };
		C92321EE1B26C0EC00BECEE3 /* ZKIRootViewController.m */ = {isa = PBXFileReference; fileEncoding = 4; lastKnownFileType = sourcecode.c.objc; path = ZKIRootViewController.m; sourceTree = "<group>"; };
		C92321F01B26C15D00BECEE3 /* UIViewController+NavigationWithBuilder.h */ = {isa = PBXFileReference; fileEncoding = 4; lastKnownFileType = sourcecode.c.h; path = "UIViewController+NavigationWithBuilder.h"; sourceTree = "<group>"; };
		C92321F11B26C15D00BECEE3 /* UIViewController+NavigationWithBuilder.m */ = {isa = PBXFileReference; fileEncoding = 4; lastKnownFileType = sourcecode.c.objc; path = "UIViewController+NavigationWithBuilder.m"; sourceTree = "<group>"; };
		C92321F41B26C35700BECEE3 /* NSObject+Builder.h */ = {isa = PBXFileReference; fileEncoding = 4; lastKnownFileType = sourcecode.c.h; path = "NSObject+Builder.h"; sourceTree = "<group>"; };
		C92321F51B26C35700BECEE3 /* NSObject+Builder.m */ = {isa = PBXFileReference; fileEncoding = 4; lastKnownFileType = sourcecode.c.objc; path = "NSObject+Builder.m"; sourceTree = "<group>"; };
		C9811A471B203CB100920B44 /* ZKIAppFrameworkDemo.app */ = {isa = PBXFileReference; explicitFileType = wrapper.application; includeInIndex = 0; path = ZKIAppFrameworkDemo.app; sourceTree = BUILT_PRODUCTS_DIR; };
		C9811A4B1B203CB100920B44 /* Info.plist */ = {isa = PBXFileReference; lastKnownFileType = text.plist.xml; path = Info.plist; sourceTree = "<group>"; };
		C9811A4C1B203CB100920B44 /* main.m */ = {isa = PBXFileReference; lastKnownFileType = sourcecode.c.objc; path = main.m; sourceTree = "<group>"; };
		C9811A4E1B203CB100920B44 /* AppDelegate.h */ = {isa = PBXFileReference; lastKnownFileType = sourcecode.c.h; path = AppDelegate.h; sourceTree = "<group>"; };
		C9811A4F1B203CB100920B44 /* AppDelegate.m */ = {isa = PBXFileReference; lastKnownFileType = sourcecode.c.objc; path = AppDelegate.m; sourceTree = "<group>"; };
		C9811A5A1B203CB100920B44 /* Images.xcassets */ = {isa = PBXFileReference; lastKnownFileType = folder.assetcatalog; path = Images.xcassets; sourceTree = "<group>"; };
		C9811A5D1B203CB100920B44 /* Base */ = {isa = PBXFileReference; lastKnownFileType = file.xib; name = Base; path = Base.lproj/LaunchScreen.xib; sourceTree = "<group>"; };
		C9811A631B203CB100920B44 /* ZKIAppFrameworkDemoTests.xctest */ = {isa = PBXFileReference; explicitFileType = wrapper.cfbundle; includeInIndex = 0; path = ZKIAppFrameworkDemoTests.xctest; sourceTree = BUILT_PRODUCTS_DIR; };
		C9811A681B203CB100920B44 /* Info.plist */ = {isa = PBXFileReference; lastKnownFileType = text.plist.xml; path = Info.plist; sourceTree = "<group>"; };
		C9811A691B203CB100920B44 /* ZKIAppFrameworkDemoTests.m */ = {isa = PBXFileReference; lastKnownFileType = sourcecode.c.objc; path = ZKIAppFrameworkDemoTests.m; sourceTree = "<group>"; };
		C9811A751B20427B00920B44 /* ZKINetworkManager.h */ = {isa = PBXFileReference; fileEncoding = 4; lastKnownFileType = sourcecode.c.h; path = ZKINetworkManager.h; sourceTree = "<group>"; };
		C9811A761B20427B00920B44 /* ZKINetworkManager.m */ = {isa = PBXFileReference; fileEncoding = 4; lastKnownFileType = sourcecode.c.objc; path = ZKINetworkManager.m; sourceTree = "<group>"; };
		CA437D8C6EEDDBBDE3D8803A /* Pods.release.xcconfig */ = {isa = PBXFileReference; includeInIndex = 1; lastKnownFileType = text.xcconfig; name = Pods.release.xcconfig; path = "Pods/Target Support Files/Pods/Pods.release.xcconfig"; sourceTree = "<group>"; };
		F04852702D01520BCB4EFFE6 /* Pods.debug.xcconfig */ = {isa = PBXFileReference; includeInIndex = 1; lastKnownFileType = text.xcconfig; name = Pods.debug.xcconfig; path = "Pods/Target Support Files/Pods/Pods.debug.xcconfig"; sourceTree = "<group>"; };
/* End PBXFileReference section */

/* Begin PBXFrameworksBuildPhase section */
		C9811A441B203CB100920B44 /* Frameworks */ = {
			isa = PBXFrameworksBuildPhase;
			buildActionMask = 2147483647;
			files = (
				D3EE81E264A1EB221F0B9026 /* libPods.a in Frameworks */,
			);
			runOnlyForDeploymentPostprocessing = 0;
		};
		C9811A601B203CB100920B44 /* Frameworks */ = {
			isa = PBXFrameworksBuildPhase;
			buildActionMask = 2147483647;
			files = (
				18298E09A2A97987C6261565 /* libPods-ZKIAppFrameworkDemoTests.a in Frameworks */,
			);
			runOnlyForDeploymentPostprocessing = 0;
		};
/* End PBXFrameworksBuildPhase section */

/* Begin PBXGroup section */
		5B64DDF05CCC600A8DA54651 /* Frameworks */ = {
			isa = PBXGroup;
			children = (
				09197E1D2EF7D0C0CC3149E6 /* libPods.a */,
				AD7A19FD44C85FDE9EA255EC /* libPods-ZKIAppFrameworkDemoTests.a */,
			);
			name = Frameworks;
			sourceTree = "<group>";
		};
		84F20E07433B8EA2CA78C41F /* Pods */ = {
			isa = PBXGroup;
			children = (
				F04852702D01520BCB4EFFE6 /* Pods.debug.xcconfig */,
				CA437D8C6EEDDBBDE3D8803A /* Pods.release.xcconfig */,
				787D5786881703ADD8550F2A /* Pods-ZKIAppFrameworkDemoTests.debug.xcconfig */,
				2779178EFC1DC3C5163B17FE /* Pods-ZKIAppFrameworkDemoTests.release.xcconfig */,
			);
			name = Pods;
			sourceTree = "<group>";
		};
		C92321E91B26BDFD00BECEE3 /* UIViewController+NavigationWithBuilder */ = {
			isa = PBXGroup;
			children = (
				C92321F01B26C15D00BECEE3 /* UIViewController+NavigationWithBuilder.h */,
				C92321F11B26C15D00BECEE3 /* UIViewController+NavigationWithBuilder.m */,
			);
			path = "UIViewController+NavigationWithBuilder";
			sourceTree = "<group>";
		};
		C92321F31B26C35700BECEE3 /* NSObject+Builder */ = {
			isa = PBXGroup;
			children = (
				C92321F41B26C35700BECEE3 /* NSObject+Builder.h */,
				C92321F51B26C35700BECEE3 /* NSObject+Builder.m */,
			);
			path = "NSObject+Builder";
			sourceTree = "<group>";
		};
		C9811A3E1B203CB100920B44 = {
			isa = PBXGroup;
			children = (
				C9811A491B203CB100920B44 /* ZKIAppFrameworkDemo */,
				C9811A661B203CB100920B44 /* ZKIAppFrameworkDemoTests */,
				C9811A481B203CB100920B44 /* Products */,
				84F20E07433B8EA2CA78C41F /* Pods */,
				5B64DDF05CCC600A8DA54651 /* Frameworks */,
			);
			sourceTree = "<group>";
		};
		C9811A481B203CB100920B44 /* Products */ = {
			isa = PBXGroup;
			children = (
				C9811A471B203CB100920B44 /* ZKIAppFrameworkDemo.app */,
				C9811A631B203CB100920B44 /* ZKIAppFrameworkDemoTests.xctest */,
			);
			name = Products;
			sourceTree = "<group>";
		};
		C9811A491B203CB100920B44 /* ZKIAppFrameworkDemo */ = {
			isa = PBXGroup;
			children = (
				C92321F31B26C35700BECEE3 /* NSObject+Builder */,
				C92321E91B26BDFD00BECEE3 /* UIViewController+NavigationWithBuilder */,
				C9811A731B20426600920B44 /* Manager */,
				C9811A4E1B203CB100920B44 /* AppDelegate.h */,
				C9811A4F1B203CB100920B44 /* AppDelegate.m */,
				C9811A5A1B203CB100920B44 /* Images.xcassets */,
				C9811A5C1B203CB100920B44 /* LaunchScreen.xib */,
				C9811A4A1B203CB100920B44 /* Supporting Files */,
				C92321ED1B26C0EC00BECEE3 /* ZKIRootViewController.h */,
				C92321EE1B26C0EC00BECEE3 /* ZKIRootViewController.m */,
			);
			path = ZKIAppFrameworkDemo;
			sourceTree = "<group>";
		};
		C9811A4A1B203CB100920B44 /* Supporting Files */ = {
			isa = PBXGroup;
			children = (
				C9811A4B1B203CB100920B44 /* Info.plist */,
				C9811A4C1B203CB100920B44 /* main.m */,
			);
			name = "Supporting Files";
			sourceTree = "<group>";
		};
		C9811A661B203CB100920B44 /* ZKIAppFrameworkDemoTests */ = {
			isa = PBXGroup;
			children = (
				C9811A691B203CB100920B44 /* ZKIAppFrameworkDemoTests.m */,
				C9811A671B203CB100920B44 /* Supporting Files */,
			);
			path = ZKIAppFrameworkDemoTests;
			sourceTree = "<group>";
		};
		C9811A671B203CB100920B44 /* Supporting Files */ = {
			isa = PBXGroup;
			children = (
				C9811A681B203CB100920B44 /* Info.plist */,
			);
			name = "Supporting Files";
			sourceTree = "<group>";
		};
		C9811A731B20426600920B44 /* Manager */ = {
			isa = PBXGroup;
			children = (
				C9811A741B20426600920B44 /* NetworkManager */,
			);
			path = Manager;
			sourceTree = "<group>";
		};
		C9811A741B20426600920B44 /* NetworkManager */ = {
			isa = PBXGroup;
			children = (
				C9811A751B20427B00920B44 /* ZKINetworkManager.h */,
				C9811A761B20427B00920B44 /* ZKINetworkManager.m */,
			);
			path = NetworkManager;
			sourceTree = "<group>";
		};
/* End PBXGroup section */

/* Begin PBXNativeTarget section */
		C9811A461B203CB100920B44 /* ZKIAppFrameworkDemo */ = {
			isa = PBXNativeTarget;
			buildConfigurationList = C9811A6D1B203CB100920B44 /* Build configuration list for PBXNativeTarget "ZKIAppFrameworkDemo" */;
			buildPhases = (
				A3DFC815134A069FD70D60A1 /* Check Pods Manifest.lock */,
				C9811A431B203CB100920B44 /* Sources */,
				C9811A441B203CB100920B44 /* Frameworks */,
				C9811A451B203CB100920B44 /* Resources */,
				C9555C242B9078BB9484CAFF /* Copy Pods Resources */,
			);
			buildRules = (
			);
			dependencies = (
			);
			name = ZKIAppFrameworkDemo;
			productName = ZKIAppFrameworkDemo;
			productReference = C9811A471B203CB100920B44 /* ZKIAppFrameworkDemo.app */;
			productType = "com.apple.product-type.application";
		};
		C9811A621B203CB100920B44 /* ZKIAppFrameworkDemoTests */ = {
			isa = PBXNativeTarget;
			buildConfigurationList = C9811A701B203CB100920B44 /* Build configuration list for PBXNativeTarget "ZKIAppFrameworkDemoTests" */;
			buildPhases = (
				FB5A4B8C0DBD734ABF85EA99 /* Check Pods Manifest.lock */,
				C9811A5F1B203CB100920B44 /* Sources */,
				C9811A601B203CB100920B44 /* Frameworks */,
				C9811A611B203CB100920B44 /* Resources */,
				97F328E5E0D88F8AF7461D64 /* Copy Pods Resources */,
			);
			buildRules = (
			);
			dependencies = (
				C9811A651B203CB100920B44 /* PBXTargetDependency */,
			);
			name = ZKIAppFrameworkDemoTests;
			productName = ZKIAppFrameworkDemoTests;
			productReference = C9811A631B203CB100920B44 /* ZKIAppFrameworkDemoTests.xctest */;
			productType = "com.apple.product-type.bundle.unit-test";
		};
/* End PBXNativeTarget section */

/* Begin PBXProject section */
		C9811A3F1B203CB100920B44 /* Project object */ = {
			isa = PBXProject;
			attributes = {
				LastUpgradeCheck = 0630;
				ORGANIZATIONNAME = Wingzki;
				TargetAttributes = {
					C9811A461B203CB100920B44 = {
						CreatedOnToolsVersion = 6.3.1;
					};
					C9811A621B203CB100920B44 = {
						CreatedOnToolsVersion = 6.3.1;
						TestTargetID = C9811A461B203CB100920B44;
					};
				};
			};
			buildConfigurationList = C9811A421B203CB100920B44 /* Build configuration list for PBXProject "ZKIAppFrameworkDemo" */;
			compatibilityVersion = "Xcode 3.2";
			developmentRegion = English;
			hasScannedForEncodings = 0;
			knownRegions = (
				en,
				Base,
			);
			mainGroup = C9811A3E1B203CB100920B44;
			productRefGroup = C9811A481B203CB100920B44 /* Products */;
			projectDirPath = "";
			projectRoot = "";
			targets = (
				C9811A461B203CB100920B44 /* ZKIAppFrameworkDemo */,
				C9811A621B203CB100920B44 /* ZKIAppFrameworkDemoTests */,
			);
		};
/* End PBXProject section */

/* Begin PBXResourcesBuildPhase section */
		C9811A451B203CB100920B44 /* Resources */ = {
			isa = PBXResourcesBuildPhase;
			buildActionMask = 2147483647;
			files = (
				C9811A5E1B203CB100920B44 /* LaunchScreen.xib in Resources */,
				C9811A5B1B203CB100920B44 /* Images.xcassets in Resources */,
			);
			runOnlyForDeploymentPostprocessing = 0;
		};
		C9811A611B203CB100920B44 /* Resources */ = {
			isa = PBXResourcesBuildPhase;
			buildActionMask = 2147483647;
			files = (
			);
			runOnlyForDeploymentPostprocessing = 0;
		};
/* End PBXResourcesBuildPhase section */

/* Begin PBXShellScriptBuildPhase section */
		97F328E5E0D88F8AF7461D64 /* Copy Pods Resources */ = {
			isa = PBXShellScriptBuildPhase;
			buildActionMask = 2147483647;
			files = (
			);
			inputPaths = (
			);
			name = "Copy Pods Resources";
			outputPaths = (
			);
			runOnlyForDeploymentPostprocessing = 0;
			shellPath = /bin/sh;
			shellScript = "\"${SRCROOT}/Pods/Target Support Files/Pods-ZKIAppFrameworkDemoTests/Pods-ZKIAppFrameworkDemoTests-resources.sh\"\n";
			showEnvVarsInLog = 0;
		};
		A3DFC815134A069FD70D60A1 /* Check Pods Manifest.lock */ = {
			isa = PBXShellScriptBuildPhase;
			buildActionMask = 2147483647;
			files = (
			);
			inputPaths = (
			);
			name = "Check Pods Manifest.lock";
			outputPaths = (
			);
			runOnlyForDeploymentPostprocessing = 0;
			shellPath = /bin/sh;
			shellScript = "diff \"${PODS_ROOT}/../Podfile.lock\" \"${PODS_ROOT}/Manifest.lock\" > /dev/null\nif [[ $? != 0 ]] ; then\n    cat << EOM\nerror: The sandbox is not in sync with the Podfile.lock. Run 'pod install' or update your CocoaPods installation.\nEOM\n    exit 1\nfi\n";
			showEnvVarsInLog = 0;
		};
		C9555C242B9078BB9484CAFF /* Copy Pods Resources */ = {
			isa = PBXShellScriptBuildPhase;
			buildActionMask = 2147483647;
			files = (
			);
			inputPaths = (
			);
			name = "Copy Pods Resources";
			outputPaths = (
			);
			runOnlyForDeploymentPostprocessing = 0;
			shellPath = /bin/sh;
			shellScript = "\"${SRCROOT}/Pods/Target Support Files/Pods/Pods-resources.sh\"\n";
			showEnvVarsInLog = 0;
		};
		FB5A4B8C0DBD734ABF85EA99 /* Check Pods Manifest.lock */ = {
			isa = PBXShellScriptBuildPhase;
			buildActionMask = 2147483647;
			files = (
			);
			inputPaths = (
			);
			name = "Check Pods Manifest.lock";
			outputPaths = (
			);
			runOnlyForDeploymentPostprocessing = 0;
			shellPath = /bin/sh;
			shellScript = "diff \"${PODS_ROOT}/../Podfile.lock\" \"${PODS_ROOT}/Manifest.lock\" > /dev/null\nif [[ $? != 0 ]] ; then\n    cat << EOM\nerror: The sandbox is not in sync with the Podfile.lock. Run 'pod install' or update your CocoaPods installation.\nEOM\n    exit 1\nfi\n";
			showEnvVarsInLog = 0;
		};
/* End PBXShellScriptBuildPhase section */

/* Begin PBXSourcesBuildPhase section */
		C9811A431B203CB100920B44 /* Sources */ = {
			isa = PBXSourcesBuildPhase;
			buildActionMask = 2147483647;
			files = (
				C9811A771B20427B00920B44 /* ZKINetworkManager.m in Sources */,
				C92321EF1B26C0EC00BECEE3 /* ZKIRootViewController.m in Sources */,
				C9811A501B203CB100920B44 /* AppDelegate.m in Sources */,
				C92321F61B26C35700BECEE3 /* NSObject+Builder.m in Sources */,
				C92321F21B26C15D00BECEE3 /* UIViewController+NavigationWithBuilder.m in Sources */,
				C9811A4D1B203CB100920B44 /* main.m in Sources */,
			);
			runOnlyForDeploymentPostprocessing = 0;
		};
		C9811A5F1B203CB100920B44 /* Sources */ = {
			isa = PBXSourcesBuildPhase;
			buildActionMask = 2147483647;
			files = (
				C9811A6A1B203CB100920B44 /* ZKIAppFrameworkDemoTests.m in Sources */,
			);
			runOnlyForDeploymentPostprocessing = 0;
		};
/* End PBXSourcesBuildPhase section */

/* Begin PBXTargetDependency section */
		C9811A651B203CB100920B44 /* PBXTargetDependency */ = {
			isa = PBXTargetDependency;
			target = C9811A461B203CB100920B44 /* ZKIAppFrameworkDemo */;
			targetProxy = C9811A641B203CB100920B44 /* PBXContainerItemProxy */;
		};
/* End PBXTargetDependency section */

/* Begin PBXVariantGroup section */
		C9811A5C1B203CB100920B44 /* LaunchScreen.xib */ = {
			isa = PBXVariantGroup;
			children = (
				C9811A5D1B203CB100920B44 /* Base */,
			);
			name = LaunchScreen.xib;
			sourceTree = "<group>";
		};
/* End PBXVariantGroup section */

/* Begin XCBuildConfiguration section */
		C9811A6B1B203CB100920B44 /* Debug */ = {
			isa = XCBuildConfiguration;
			buildSettings = {
				ALWAYS_SEARCH_USER_PATHS = NO;
				CLANG_CXX_LANGUAGE_STANDARD = "gnu++0x";
				CLANG_CXX_LIBRARY = "libc++";
				CLANG_ENABLE_MODULES = YES;
				CLANG_ENABLE_OBJC_ARC = YES;
				CLANG_WARN_BOOL_CONVERSION = YES;
				CLANG_WARN_CONSTANT_CONVERSION = YES;
				CLANG_WARN_DIRECT_OBJC_ISA_USAGE = YES_ERROR;
				CLANG_WARN_EMPTY_BODY = YES;
				CLANG_WARN_ENUM_CONVERSION = YES;
				CLANG_WARN_INT_CONVERSION = YES;
				CLANG_WARN_OBJC_ROOT_CLASS = YES_ERROR;
				CLANG_WARN_UNREACHABLE_CODE = YES;
				CLANG_WARN__DUPLICATE_METHOD_MATCH = YES;
				"CODE_SIGN_IDENTITY[sdk=iphoneos*]" = "iPhone Developer";
				COPY_PHASE_STRIP = NO;
				DEBUG_INFORMATION_FORMAT = "dwarf-with-dsym";
				ENABLE_STRICT_OBJC_MSGSEND = YES;
				GCC_C_LANGUAGE_STANDARD = gnu99;
				GCC_DYNAMIC_NO_PIC = NO;
				GCC_NO_COMMON_BLOCKS = YES;
				GCC_OPTIMIZATION_LEVEL = 0;
				GCC_PREPROCESSOR_DEFINITIONS = (
					"DEBUG=1",
					"$(inherited)",
				);
				GCC_SYMBOLS_PRIVATE_EXTERN = NO;
				GCC_WARN_64_TO_32_BIT_CONVERSION = YES;
				GCC_WARN_ABOUT_RETURN_TYPE = YES_ERROR;
				GCC_WARN_UNDECLARED_SELECTOR = YES;
				GCC_WARN_UNINITIALIZED_AUTOS = YES_AGGRESSIVE;
				GCC_WARN_UNUSED_FUNCTION = YES;
				GCC_WARN_UNUSED_VARIABLE = YES;
				IPHONEOS_DEPLOYMENT_TARGET = 8.3;
				MTL_ENABLE_DEBUG_INFO = YES;
				ONLY_ACTIVE_ARCH = YES;
				SDKROOT = iphoneos;
			};
			name = Debug;
		};
		C9811A6C1B203CB100920B44 /* Release */ = {
			isa = XCBuildConfiguration;
			buildSettings = {
				ALWAYS_SEARCH_USER_PATHS = NO;
				CLANG_CXX_LANGUAGE_STANDARD = "gnu++0x";
				CLANG_CXX_LIBRARY = "libc++";
				CLANG_ENABLE_MODULES = YES;
				CLANG_ENABLE_OBJC_ARC = YES;
				CLANG_WARN_BOOL_CONVERSION = YES;
				CLANG_WARN_CONSTANT_CONVERSION = YES;
				CLANG_WARN_DIRECT_OBJC_ISA_USAGE = YES_ERROR;
				CLANG_WARN_EMPTY_BODY = YES;
				CLANG_WARN_ENUM_CONVERSION = YES;
				CLANG_WARN_INT_CONVERSION = YES;
				CLANG_WARN_OBJC_ROOT_CLASS = YES_ERROR;
				CLANG_WARN_UNREACHABLE_CODE = YES;
				CLANG_WARN__DUPLICATE_METHOD_MATCH = YES;
				"CODE_SIGN_IDENTITY[sdk=iphoneos*]" = "iPhone Developer";
				COPY_PHASE_STRIP = NO;
				DEBUG_INFORMATION_FORMAT = "dwarf-with-dsym";
				ENABLE_NS_ASSERTIONS = NO;
				ENABLE_STRICT_OBJC_MSGSEND = YES;
				GCC_C_LANGUAGE_STANDARD = gnu99;
				GCC_NO_COMMON_BLOCKS = YES;
				GCC_WARN_64_TO_32_BIT_CONVERSION = YES;
				GCC_WARN_ABOUT_RETURN_TYPE = YES_ERROR;
				GCC_WARN_UNDECLARED_SELECTOR = YES;
				GCC_WARN_UNINITIALIZED_AUTOS = YES_AGGRESSIVE;
				GCC_WARN_UNUSED_FUNCTION = YES;
				GCC_WARN_UNUSED_VARIABLE = YES;
				IPHONEOS_DEPLOYMENT_TARGET = 8.3;
				MTL_ENABLE_DEBUG_INFO = NO;
				SDKROOT = iphoneos;
				VALIDATE_PRODUCT = YES;
			};
			name = Release;
		};
		C9811A6E1B203CB100920B44 /* Debug */ = {
			isa = XCBuildConfiguration;
			baseConfigurationReference = F04852702D01520BCB4EFFE6 /* Pods.debug.xcconfig */;
			buildSettings = {
				ASSETCATALOG_COMPILER_APPICON_NAME = AppIcon;
				INFOPLIST_FILE = ZKIAppFrameworkDemo/Info.plist;
				LD_RUNPATH_SEARCH_PATHS = "$(inherited) @executable_path/Frameworks";
				PRODUCT_NAME = "$(TARGET_NAME)";
			};
			name = Debug;
		};
		C9811A6F1B203CB100920B44 /* Release */ = {
			isa = XCBuildConfiguration;
			baseConfigurationReference = CA437D8C6EEDDBBDE3D8803A /* Pods.release.xcconfig */;
			buildSettings = {
				ASSETCATALOG_COMPILER_APPICON_NAME = AppIcon;
				INFOPLIST_FILE = ZKIAppFrameworkDemo/Info.plist;
				LD_RUNPATH_SEARCH_PATHS = "$(inherited) @executable_path/Frameworks";
				PRODUCT_NAME = "$(TARGET_NAME)";
			};
			name = Release;
		};
		C9811A711B203CB100920B44 /* Debug */ = {
			isa = XCBuildConfiguration;
			baseConfigurationReference = 787D5786881703ADD8550F2A /* Pods-ZKIAppFrameworkDemoTests.debug.xcconfig */;
			buildSettings = {
				BUNDLE_LOADER = "$(TEST_HOST)";
				FRAMEWORK_SEARCH_PATHS = (
					"$(SDKROOT)/Developer/Library/Frameworks",
					"$(inherited)",
				);
				GCC_PREPROCESSOR_DEFINITIONS = (
					"DEBUG=1",
					"$(inherited)",
				);
				INFOPLIST_FILE = ZKIAppFrameworkDemoTests/Info.plist;
				LD_RUNPATH_SEARCH_PATHS = "$(inherited) @executable_path/Frameworks @loader_path/Frameworks";
				PRODUCT_NAME = "$(TARGET_NAME)";
				TEST_HOST = "$(BUILT_PRODUCTS_DIR)/ZKIAppFrameworkDemo.app/ZKIAppFrameworkDemo";
			};
			name = Debug;
		};
		C9811A721B203CB100920B44 /* Release */ = {
			isa = XCBuildConfiguration;
			baseConfigurationReference = 2779178EFC1DC3C5163B17FE /* Pods-ZKIAppFrameworkDemoTests.release.xcconfig */;
			buildSettings = {
				BUNDLE_LOADER = "$(TEST_HOST)";
				FRAMEWORK_SEARCH_PATHS = (
					"$(SDKROOT)/Developer/Library/Frameworks",
					"$(inherited)",
				);
				INFOPLIST_FILE = ZKIAppFrameworkDemoTests/Info.plist;
				LD_RUNPATH_SEARCH_PATHS = "$(inherited) @executable_path/Frameworks @loader_path/Frameworks";
				PRODUCT_NAME = "$(TARGET_NAME)";
				TEST_HOST = "$(BUILT_PRODUCTS_DIR)/ZKIAppFrameworkDemo.app/ZKIAppFrameworkDemo";
			};
			name = Release;
		};
/* End XCBuildConfiguration section */

/* Begin XCConfigurationList section */
		C9811A421B203CB100920B44 /* Build configuration list for PBXProject "ZKIAppFrameworkDemo" */ = {
			isa = XCConfigurationList;
			buildConfigurations = (
				C9811A6B1B203CB100920B44 /* Debug */,
				C9811A6C1B203CB100920B44 /* Release */,
			);
			defaultConfigurationIsVisible = 0;
			defaultConfigurationName = Release;
		};
		C9811A6D1B203CB100920B44 /* Build configuration list for PBXNativeTarget "ZKIAppFrameworkDemo" */ = {
			isa = XCConfigurationList;
			buildConfigurations = (
				C9811A6E1B203CB100920B44 /* Debug */,
				C9811A6F1B203CB100920B44 /* Release */,
			);
			defaultConfigurationIsVisible = 0;
			defaultConfigurationName = Release;
		};
		C9811A701B203CB100920B44 /* Build configuration list for PBXNativeTarget "ZKIAppFrameworkDemoTests" */ = {
			isa = XCConfigurationList;
			buildConfigurations = (
				C9811A711B203CB100920B44 /* Debug */,
				C9811A721B203CB100920B44 /* Release */,
			);
			defaultConfigurationIsVisible = 0;
			defaultConfigurationName = Release;
		};
/* End XCConfigurationList section */
	};
	rootObject = C9811A3F1B203CB100920B44 /* Project object */;
}
